
Microsoft Visual Studio Solution File, Format Version 12.00
# Visual Studio Version 17
VisualStudioVersion = 17.12.35527.113
MinimumVisualStudioVersion = 10.0.40219.1
Project("{FAE04EC0-301F-11D3-BF4B-00C04F79EFBC}") = "CardboardQualityControl", "CardboardQualityControl\CardboardQualityControl.csproj", "{4A875D46-CE3A-40BA-BEA7-DAC6EB7B36CC}"
EndProject
Global
	GlobalSection(SolutionConfigurationPlatforms) = preSolution
		Debug|Any CPU = Debug|Any CPU
		Debug|ARM64 = Debug|ARM64
		Debug|x64 = Debug|x64
		Release|Any CPU = Release|Any CPU
		Release|ARM64 = Release|ARM64
		Release|x64 = Release|x64
	EndGlobalSection
	GlobalSection(ProjectConfigurationPlatforms) = postSolution
		{4A875D46-CE3A-40BA-BEA7-DAC6EB7B36CC}.Debug|Any CPU.ActiveCfg = Debug|Any CPU
		{4A875D46-CE3A-40BA-BEA7-DAC6EB7B36CC}.Debug|Any CPU.Build.0 = Debug|Any CPU
		{4A875D46-CE3A-40BA-BEA7-DAC6EB7B36CC}.Debug|ARM64.ActiveCfg = Debug|ARM64
		{4A875D46-CE3A-40BA-BEA7-DAC6EB7B36CC}.Debug|ARM64.Build.0 = Debug|ARM64
		{4A875D46-CE3A-40BA-BEA7-DAC6EB7B36CC}.Debug|x64.ActiveCfg = Debug|x64
		{4A875D46-CE3A-40BA-BEA7-DAC6EB7B36CC}.Debug|x64.Build.0 = Debug|x64
		{4A875D46-CE3A-40BA-BEA7-DAC6EB7B36CC}.Release|Any CPU.ActiveCfg = Release|Any CPU
		{4A875D46-CE3A-40BA-BEA7-DAC6EB7B36CC}.Release|Any CPU.Build.0 = Release|Any CPU
		{4A875D46-CE3A-40BA-BEA7-DAC6EB7B36CC}.Release|ARM64.ActiveCfg = Release|ARM64
		{4A875D46-CE3A-40BA-BEA7-DAC6EB7B36CC}.Release|ARM64.Build.0 = Release|ARM64
		{4A875D46-CE3A-40BA-BEA7-DAC6EB7B36CC}.Release|x64.ActiveCfg = Release|x64
		{4A875D46-CE3A-40BA-BEA7-DAC6EB7B36CC}.Release|x64.Build.0 = Release|x64
	EndGlobalSection
	GlobalSection(SolutionProperties) = preSolution
		HideSolutionNode = FALSE
	EndGlobalSection
	GlobalSection(ExtensibilityGlobals) = postSolution
		SolutionGuid = {1003EB43-83BA-4F2D-AEF1-E4028F630102}
	EndGlobalSection
EndGlobal
